// !$*UTF8*$!
{
	archiveVersion = 1;
	classes = {
	};
	objectVersion = 55;
	objects = {

/* Begin PBXBuildFile section */
		0137794228A135F500325362 /* Words.json in Resources */ = {isa = PBXBuildFile; fileRef = 0137794128A135F500325362 /* Words.json */; };
		0137794528A137E800325362 /* JSONWorker.swift in Sources */ = {isa = PBXBuildFile; fileRef = 0137794428A137E800325362 /* JSONWorker.swift */; };
		0137794B28A1506F00325362 /* WordJson.swift in Sources */ = {isa = PBXBuildFile; fileRef = 0137794A28A1506F00325362 /* WordJson.swift */; };
		0137794D28A2569A00325362 /* WordsReader.swift in Sources */ = {isa = PBXBuildFile; fileRef = 0137794C28A2569A00325362 /* WordsReader.swift */; };
		0137794F28A3F29F00325362 /* PlayersManager.swift in Sources */ = {isa = PBXBuildFile; fileRef = 0137794E28A3F29F00325362 /* PlayersManager.swift */; };
		0137795128A3F2E400325362 /* PlayerRemove.swift in Sources */ = {isa = PBXBuildFile; fileRef = 0137795028A3F2E400325362 /* PlayerRemove.swift */; };
		0137795528A3FF7B00325362 /* GameSettingsViewController.swift in Sources */ = {isa = PBXBuildFile; fileRef = 0137795428A3FF7B00325362 /* GameSettingsViewController.swift */; };
		0137795728A41A0800325362 /* CurrentSessionViewController.swift in Sources */ = {isa = PBXBuildFile; fileRef = 0137795628A41A0800325362 /* CurrentSessionViewController.swift */; };
		0189551528B3D1200043E4F6 /* CurrentSessionViewModel.swift in Sources */ = {isa = PBXBuildFile; fileRef = 0189551428B3D1200043E4F6 /* CurrentSessionViewModel.swift */; };
		01AFF4EA28A7D72A001C25FB /* MainScreenViewModel.swift in Sources */ = {isa = PBXBuildFile; fileRef = 01AFF4E928A7D72A001C25FB /* MainScreenViewModel.swift */; };
		01AFF4EC28A7DBEF001C25FB /* GameSettingsViewModel.swift in Sources */ = {isa = PBXBuildFile; fileRef = 01AFF4EB28A7DBEF001C25FB /* GameSettingsViewModel.swift */; };
		01C8C7C7289C427100DE2BED /* AppDelegate.swift in Sources */ = {isa = PBXBuildFile; fileRef = 01C8C7C6289C427100DE2BED /* AppDelegate.swift */; };
		01C8C7C9289C427100DE2BED /* SceneDelegate.swift in Sources */ = {isa = PBXBuildFile; fileRef = 01C8C7C8289C427100DE2BED /* SceneDelegate.swift */; };
		01C8C7CB289C427100DE2BED /* MainScreenViewController.swift in Sources */ = {isa = PBXBuildFile; fileRef = 01C8C7CA289C427100DE2BED /* MainScreenViewController.swift */; };
		01C8C7D1289C427100DE2BED /* AliasLite.xcdatamodeld in Sources */ = {isa = PBXBuildFile; fileRef = 01C8C7CF289C427100DE2BED /* AliasLite.xcdatamodeld */; };
		01C8C7D3289C427500DE2BED /* Assets.xcassets in Resources */ = {isa = PBXBuildFile; fileRef = 01C8C7D2289C427500DE2BED /* Assets.xcassets */; };
		01C8C7D6289C427500DE2BED /* LaunchScreen.storyboard in Resources */ = {isa = PBXBuildFile; fileRef = 01C8C7D4289C427500DE2BED /* LaunchScreen.storyboard */; };
		01D0909628C793F10079CDDC /* GameLogViewController.swift in Sources */ = {isa = PBXBuildFile; fileRef = 01D0909528C793F10079CDDC /* GameLogViewController.swift */; };
		01D0909828C7940F0079CDDC /* GameLogViewModel.swift in Sources */ = {isa = PBXBuildFile; fileRef = 01D0909728C7940F0079CDDC /* GameLogViewModel.swift */; };
		01E4BA4428BE116000A7F6A9 /* Extension + UIButton.swift in Sources */ = {isa = PBXBuildFile; fileRef = 01E4BA4328BE116000A7F6A9 /* Extension + UIButton.swift */; };
		01E4BA4628BF63A000A7F6A9 /* StorageManager.swift in Sources */ = {isa = PBXBuildFile; fileRef = 01E4BA4528BF63A000A7F6A9 /* StorageManager.swift */; };
		01E4BA4828C296A500A7F6A9 /* PlayerDataViewModel.swift in Sources */ = {isa = PBXBuildFile; fileRef = 01E4BA4728C296A500A7F6A9 /* PlayerDataViewModel.swift */; };
/* End PBXBuildFile section */

/* Begin PBXFileReference section */
		0137794128A135F500325362 /* Words.json */ = {isa = PBXFileReference; lastKnownFileType = text.json; path = Words.json; sourceTree = "<group>"; };
		0137794428A137E800325362 /* JSONWorker.swift */ = {isa = PBXFileReference; lastKnownFileType = sourcecode.swift; path = JSONWorker.swift; sourceTree = "<group>"; };
		0137794A28A1506F00325362 /* WordJson.swift */ = {isa = PBXFileReference; lastKnownFileType = sourcecode.swift; path = WordJson.swift; sourceTree = "<group>"; };
		0137794C28A2569A00325362 /* WordsReader.swift */ = {isa = PBXFileReference; lastKnownFileType = sourcecode.swift; path = WordsReader.swift; sourceTree = "<group>"; };
		0137794E28A3F29F00325362 /* PlayersManager.swift */ = {isa = PBXFileReference; lastKnownFileType = sourcecode.swift; path = PlayersManager.swift; sourceTree = "<group>"; };
		0137795028A3F2E400325362 /* PlayerRemove.swift */ = {isa = PBXFileReference; lastKnownFileType = sourcecode.swift; path = PlayerRemove.swift; sourceTree = "<group>"; };
		0137795428A3FF7B00325362 /* GameSettingsViewController.swift */ = {isa = PBXFileReference; lastKnownFileType = sourcecode.swift; path = GameSettingsViewController.swift; sourceTree = "<group>"; };
		0137795628A41A0800325362 /* CurrentSessionViewController.swift */ = {isa = PBXFileReference; lastKnownFileType = sourcecode.swift; path = CurrentSessionViewController.swift; sourceTree = "<group>"; };
		0189551428B3D1200043E4F6 /* CurrentSessionViewModel.swift */ = {isa = PBXFileReference; lastKnownFileType = sourcecode.swift; path = CurrentSessionViewModel.swift; sourceTree = "<group>"; };
		01AFF4E928A7D72A001C25FB /* MainScreenViewModel.swift */ = {isa = PBXFileReference; lastKnownFileType = sourcecode.swift; path = MainScreenViewModel.swift; sourceTree = "<group>"; };
		01AFF4EB28A7DBEF001C25FB /* GameSettingsViewModel.swift */ = {isa = PBXFileReference; lastKnownFileType = sourcecode.swift; path = GameSettingsViewModel.swift; sourceTree = "<group>"; };
		01C8C7C3289C427100DE2BED /* AliasLite.app */ = {isa = PBXFileReference; explicitFileType = wrapper.application; includeInIndex = 0; path = AliasLite.app; sourceTree = BUILT_PRODUCTS_DIR; };
		01C8C7C6289C427100DE2BED /* AppDelegate.swift */ = {isa = PBXFileReference; lastKnownFileType = sourcecode.swift; path = AppDelegate.swift; sourceTree = "<group>"; };
		01C8C7C8289C427100DE2BED /* SceneDelegate.swift */ = {isa = PBXFileReference; lastKnownFileType = sourcecode.swift; path = SceneDelegate.swift; sourceTree = "<group>"; };
		01C8C7CA289C427100DE2BED /* MainScreenViewController.swift */ = {isa = PBXFileReference; lastKnownFileType = sourcecode.swift; path = MainScreenViewController.swift; sourceTree = "<group>"; };
		01C8C7D0289C427100DE2BED /* AliasLite.xcdatamodel */ = {isa = PBXFileReference; lastKnownFileType = wrapper.xcdatamodel; path = AliasLite.xcdatamodel; sourceTree = "<group>"; };
		01C8C7D2289C427500DE2BED /* Assets.xcassets */ = {isa = PBXFileReference; lastKnownFileType = folder.assetcatalog; path = Assets.xcassets; sourceTree = "<group>"; };
		01C8C7D5289C427500DE2BED /* Base */ = {isa = PBXFileReference; lastKnownFileType = file.storyboard; name = Base; path = Base.lproj/LaunchScreen.storyboard; sourceTree = "<group>"; };
		01C8C7D7289C427500DE2BED /* Info.plist */ = {isa = PBXFileReference; lastKnownFileType = text.plist.xml; path = Info.plist; sourceTree = "<group>"; };
		01D0909528C793F10079CDDC /* GameLogViewController.swift */ = {isa = PBXFileReference; lastKnownFileType = sourcecode.swift; path = GameLogViewController.swift; sourceTree = "<group>"; };
		01D0909728C7940F0079CDDC /* GameLogViewModel.swift */ = {isa = PBXFileReference; lastKnownFileType = sourcecode.swift; path = GameLogViewModel.swift; sourceTree = "<group>"; };
		01E4BA4328BE116000A7F6A9 /* Extension + UIButton.swift */ = {isa = PBXFileReference; lastKnownFileType = sourcecode.swift; path = "Extension + UIButton.swift"; sourceTree = "<group>"; };
		01E4BA4528BF63A000A7F6A9 /* StorageManager.swift */ = {isa = PBXFileReference; lastKnownFileType = sourcecode.swift; path = StorageManager.swift; sourceTree = "<group>"; };
		01E4BA4728C296A500A7F6A9 /* PlayerDataViewModel.swift */ = {isa = PBXFileReference; lastKnownFileType = sourcecode.swift; path = PlayerDataViewModel.swift; sourceTree = "<group>"; };
/* End PBXFileReference section */

/* Begin PBXFrameworksBuildPhase section */
		01C8C7C0289C427100DE2BED /* Frameworks */ = {
			isa = PBXFrameworksBuildPhase;
			buildActionMask = 2147483647;
			files = (
			);
			runOnlyForDeploymentPostprocessing = 0;
		};
/* End PBXFrameworksBuildPhase section */

/* Begin PBXGroup section */
		0137794028A135B300325362 /* Data */ = {
			isa = PBXGroup;
			children = (
				0137794128A135F500325362 /* Words.json */,
			);
			name = Data;
			sourceTree = "<group>";
		};
		0137794328A136EA00325362 /* Managers */ = {
			isa = PBXGroup;
			children = (
				0137794428A137E800325362 /* JSONWorker.swift */,
				0137794E28A3F29F00325362 /* PlayersManager.swift */,
				0137794C28A2569A00325362 /* WordsReader.swift */,
				01E4BA4528BF63A000A7F6A9 /* StorageManager.swift */,
			);
			path = Managers;
			sourceTree = "<group>";
		};
		0137794628A13A6D00325362 /* Controllers */ = {
			isa = PBXGroup;
			children = (
				01D0909428C793C60079CDDC /* GameLog */,
				01AFF4E628A7C380001C25FB /* Start */,
				01AFF4E728A7C388001C25FB /* GameSettings */,
				01AFF4E828A7C393001C25FB /* CurrentSession */,
			);
			path = Controllers;
			sourceTree = "<group>";
		};
		0137794928A1505D00325362 /* Model */ = {
			isa = PBXGroup;
			children = (
				0137794A28A1506F00325362 /* WordJson.swift */,
				0137795028A3F2E400325362 /* PlayerRemove.swift */,
			);
			path = Model;
			sourceTree = "<group>";
		};
		01AFF4E628A7C380001C25FB /* Start */ = {
			isa = PBXGroup;
			children = (
				01C8C7CA289C427100DE2BED /* MainScreenViewController.swift */,
				01AFF4E928A7D72A001C25FB /* MainScreenViewModel.swift */,
				01E4BA4728C296A500A7F6A9 /* PlayerDataViewModel.swift */,
			);
			path = Start;
			sourceTree = "<group>";
		};
		01AFF4E728A7C388001C25FB /* GameSettings */ = {
			isa = PBXGroup;
			children = (
				0137795428A3FF7B00325362 /* GameSettingsViewController.swift */,
				01AFF4EB28A7DBEF001C25FB /* GameSettingsViewModel.swift */,
			);
			path = GameSettings;
			sourceTree = "<group>";
		};
		01AFF4E828A7C393001C25FB /* CurrentSession */ = {
			isa = PBXGroup;
			children = (
				0137795628A41A0800325362 /* CurrentSessionViewController.swift */,
				0189551428B3D1200043E4F6 /* CurrentSessionViewModel.swift */,
			);
			path = CurrentSession;
			sourceTree = "<group>";
		};
		01C8C7BA289C427100DE2BED = {
			isa = PBXGroup;
			children = (
				01C8C7C5289C427100DE2BED /* AliasLite */,
				01C8C7C4289C427100DE2BED /* Products */,
			);
			sourceTree = "<group>";
		};
		01C8C7C4289C427100DE2BED /* Products */ = {
			isa = PBXGroup;
			children = (
				01C8C7C3289C427100DE2BED /* AliasLite.app */,
			);
			name = Products;
			sourceTree = "<group>";
		};
		01C8C7C5289C427100DE2BED /* AliasLite */ = {
			isa = PBXGroup;
			children = (
				01E4BA4228BE10FE00A7F6A9 /* Extensions */,
				0137794028A135B300325362 /* Data */,
				0137794928A1505D00325362 /* Model */,
				0137794628A13A6D00325362 /* Controllers */,
				0137794328A136EA00325362 /* Managers */,
				01C8C7C6289C427100DE2BED /* AppDelegate.swift */,
				01C8C7C8289C427100DE2BED /* SceneDelegate.swift */,
				01C8C7D2289C427500DE2BED /* Assets.xcassets */,
				01C8C7D4289C427500DE2BED /* LaunchScreen.storyboard */,
				01C8C7D7289C427500DE2BED /* Info.plist */,
				01C8C7CF289C427100DE2BED /* AliasLite.xcdatamodeld */,
			);
			path = AliasLite;
			sourceTree = "<group>";
		};
		01D0909428C793C60079CDDC /* GameLog */ = {
			isa = PBXGroup;
			children = (
				01D0909528C793F10079CDDC /* GameLogViewController.swift */,
				01D0909728C7940F0079CDDC /* GameLogViewModel.swift */,
			);
			path = GameLog;
			sourceTree = "<group>";
		};
		01E4BA4228BE10FE00A7F6A9 /* Extensions */ = {
			isa = PBXGroup;
			children = (
				01E4BA4328BE116000A7F6A9 /* Extension + UIButton.swift */,
			);
			path = Extensions;
			sourceTree = "<group>";
		};
/* End PBXGroup section */

/* Begin PBXNativeTarget section */
		01C8C7C2289C427100DE2BED /* AliasLite */ = {
			isa = PBXNativeTarget;
			buildConfigurationList = 01C8C7DA289C427500DE2BED /* Build configuration list for PBXNativeTarget "AliasLite" */;
			buildPhases = (
				01C8C7BF289C427100DE2BED /* Sources */,
				01C8C7C0289C427100DE2BED /* Frameworks */,
				01C8C7C1289C427100DE2BED /* Resources */,
			);
			buildRules = (
			);
			dependencies = (
			);
			name = AliasLite;
			productName = AliasLite;
			productReference = 01C8C7C3289C427100DE2BED /* AliasLite.app */;
			productType = "com.apple.product-type.application";
		};
/* End PBXNativeTarget section */

/* Begin PBXProject section */
		01C8C7BB289C427100DE2BED /* Project object */ = {
			isa = PBXProject;
			attributes = {
				BuildIndependentTargetsInParallel = 1;
				LastSwiftUpdateCheck = 1340;
				LastUpgradeCheck = 1340;
				TargetAttributes = {
					01C8C7C2289C427100DE2BED = {
						CreatedOnToolsVersion = 13.4.1;
					};
				};
			};
			buildConfigurationList = 01C8C7BE289C427100DE2BED /* Build configuration list for PBXProject "AliasLite" */;
			compatibilityVersion = "Xcode 13.0";
			developmentRegion = en;
			hasScannedForEncodings = 0;
			knownRegions = (
				en,
				Base,
			);
			mainGroup = 01C8C7BA289C427100DE2BED;
			productRefGroup = 01C8C7C4289C427100DE2BED /* Products */;
			projectDirPath = "";
			projectRoot = "";
			targets = (
				01C8C7C2289C427100DE2BED /* AliasLite */,
			);
		};
/* End PBXProject section */

/* Begin PBXResourcesBuildPhase section */
		01C8C7C1289C427100DE2BED /* Resources */ = {
			isa = PBXResourcesBuildPhase;
			buildActionMask = 2147483647;
			files = (
				01C8C7D6289C427500DE2BED /* LaunchScreen.storyboard in Resources */,
				0137794228A135F500325362 /* Words.json in Resources */,
				01C8C7D3289C427500DE2BED /* Assets.xcassets in Resources */,
			);
			runOnlyForDeploymentPostprocessing = 0;
		};
/* End PBXResourcesBuildPhase section */

/* Begin PBXSourcesBuildPhase section */
		01C8C7BF289C427100DE2BED /* Sources */ = {
			isa = PBXSourcesBuildPhase;
			buildActionMask = 2147483647;
			files = (
				0137794B28A1506F00325362 /* WordJson.swift in Sources */,
				01E4BA4428BE116000A7F6A9 /* Extension + UIButton.swift in Sources */,
				01C8C7CB289C427100DE2BED /* MainScreenViewController.swift in Sources */,
				0137795728A41A0800325362 /* CurrentSessionViewController.swift in Sources */,
				0137794528A137E800325362 /* JSONWorker.swift in Sources */,
				01D0909628C793F10079CDDC /* GameLogViewController.swift in Sources */,
				01AFF4EC28A7DBEF001C25FB /* GameSettingsViewModel.swift in Sources */,
				01D0909828C7940F0079CDDC /* GameLogViewModel.swift in Sources */,
				01C8C7C7289C427100DE2BED /* AppDelegate.swift in Sources */,
				01AFF4EA28A7D72A001C25FB /* MainScreenViewModel.swift in Sources */,
				01C8C7D1289C427100DE2BED /* AliasLite.xcdatamodeld in Sources */,
				0137794D28A2569A00325362 /* WordsReader.swift in Sources */,
				01C8C7C9289C427100DE2BED /* SceneDelegate.swift in Sources */,
				01E4BA4828C296A500A7F6A9 /* PlayerDataViewModel.swift in Sources */,
				0137795528A3FF7B00325362 /* GameSettingsViewController.swift in Sources */,
				0189551528B3D1200043E4F6 /* CurrentSessionViewModel.swift in Sources */,
				0137795128A3F2E400325362 /* PlayerRemove.swift in Sources */,
				0137794F28A3F29F00325362 /* PlayersManager.swift in Sources */,
				01E4BA4628BF63A000A7F6A9 /* StorageManager.swift in Sources */,
			);
			runOnlyForDeploymentPostprocessing = 0;
		};
/* End PBXSourcesBuildPhase section */

/* Begin PBXVariantGroup section */
		01C8C7D4289C427500DE2BED /* LaunchScreen.storyboard */ = {
			isa = PBXVariantGroup;
			children = (
				01C8C7D5289C427500DE2BED /* Base */,
			);
			name = LaunchScreen.storyboard;
			sourceTree = "<group>";
		};
/* End PBXVariantGroup section */

/* Begin XCBuildConfiguration section */
		01C8C7D8289C427500DE2BED /* Debug */ = {
			isa = XCBuildConfiguration;
			buildSettings = {
				ALWAYS_SEARCH_USER_PATHS = NO;
				CLANG_ANALYZER_NONNULL = YES;
				CLANG_ANALYZER_NUMBER_OBJECT_CONVERSION = YES_AGGRESSIVE;
				CLANG_CXX_LANGUAGE_STANDARD = "gnu++17";
				CLANG_ENABLE_MODULES = YES;
				CLANG_ENABLE_OBJC_ARC = YES;
				CLANG_ENABLE_OBJC_WEAK = YES;
				CLANG_WARN_BLOCK_CAPTURE_AUTORELEASING = YES;
				CLANG_WARN_BOOL_CONVERSION = YES;
				CLANG_WARN_COMMA = YES;
				CLANG_WARN_CONSTANT_CONVERSION = YES;
				CLANG_WARN_DEPRECATED_OBJC_IMPLEMENTATIONS = YES;
				CLANG_WARN_DIRECT_OBJC_ISA_USAGE = YES_ERROR;
				CLANG_WARN_DOCUMENTATION_COMMENTS = YES;
				CLANG_WARN_EMPTY_BODY = YES;
				CLANG_WARN_ENUM_CONVERSION = YES;
				CLANG_WARN_INFINITE_RECURSION = YES;
				CLANG_WARN_INT_CONVERSION = YES;
				CLANG_WARN_NON_LITERAL_NULL_CONVERSION = YES;
				CLANG_WARN_OBJC_IMPLICIT_RETAIN_SELF = YES;
				CLANG_WARN_OBJC_LITERAL_CONVERSION = YES;
				CLANG_WARN_OBJC_ROOT_CLASS = YES_ERROR;
				CLANG_WARN_QUOTED_INCLUDE_IN_FRAMEWORK_HEADER = YES;
				CLANG_WARN_RANGE_LOOP_ANALYSIS = YES;
				CLANG_WARN_STRICT_PROTOTYPES = YES;
				CLANG_WARN_SUSPICIOUS_MOVE = YES;
				CLANG_WARN_UNGUARDED_AVAILABILITY = YES_AGGRESSIVE;
				CLANG_WARN_UNREACHABLE_CODE = YES;
				CLANG_WARN__DUPLICATE_METHOD_MATCH = YES;
				COPY_PHASE_STRIP = NO;
				DEBUG_INFORMATION_FORMAT = dwarf;
				ENABLE_STRICT_OBJC_MSGSEND = YES;
				ENABLE_TESTABILITY = YES;
				GCC_C_LANGUAGE_STANDARD = gnu11;
				GCC_DYNAMIC_NO_PIC = NO;
				GCC_NO_COMMON_BLOCKS = YES;
				GCC_OPTIMIZATION_LEVEL = 0;
				GCC_PREPROCESSOR_DEFINITIONS = (
					"DEBUG=1",
					"$(inherited)",
				);
				GCC_WARN_64_TO_32_BIT_CONVERSION = YES;
				GCC_WARN_ABOUT_RETURN_TYPE = YES_ERROR;
				GCC_WARN_UNDECLARED_SELECTOR = YES;
				GCC_WARN_UNINITIALIZED_AUTOS = YES_AGGRESSIVE;
				GCC_WARN_UNUSED_FUNCTION = YES;
				GCC_WARN_UNUSED_VARIABLE = YES;
				IPHONEOS_DEPLOYMENT_TARGET = 15.5;
				MTL_ENABLE_DEBUG_INFO = INCLUDE_SOURCE;
				MTL_FAST_MATH = YES;
				ONLY_ACTIVE_ARCH = YES;
				SDKROOT = iphoneos;
				SWIFT_ACTIVE_COMPILATION_CONDITIONS = DEBUG;
				SWIFT_OPTIMIZATION_LEVEL = "-Onone";
			};
			name = Debug;
		};
		01C8C7D9289C427500DE2BED /* Release */ = {
			isa = XCBuildConfiguration;
			buildSettings = {
				ALWAYS_SEARCH_USER_PATHS = NO;
				CLANG_ANALYZER_NONNULL = YES;
				CLANG_ANALYZER_NUMBER_OBJECT_CONVERSION = YES_AGGRESSIVE;
				CLANG_CXX_LANGUAGE_STANDARD = "gnu++17";
				CLANG_ENABLE_MODULES = YES;
				CLANG_ENABLE_OBJC_ARC = YES;
				CLANG_ENABLE_OBJC_WEAK = YES;
				CLANG_WARN_BLOCK_CAPTURE_AUTORELEASING = YES;
				CLANG_WARN_BOOL_CONVERSION = YES;
				CLANG_WARN_COMMA = YES;
				CLANG_WARN_CONSTANT_CONVERSION = YES;
				CLANG_WARN_DEPRECATED_OBJC_IMPLEMENTATIONS = YES;
				CLANG_WARN_DIRECT_OBJC_ISA_USAGE = YES_ERROR;
				CLANG_WARN_DOCUMENTATION_COMMENTS = YES;
				CLANG_WARN_EMPTY_BODY = YES;
				CLANG_WARN_ENUM_CONVERSION = YES;
				CLANG_WARN_INFINITE_RECURSION = YES;
				CLANG_WARN_INT_CONVERSION = YES;
				CLANG_WARN_NON_LITERAL_NULL_CONVERSION = YES;
				CLANG_WARN_OBJC_IMPLICIT_RETAIN_SELF = YES;
				CLANG_WARN_OBJC_LITERAL_CONVERSION = YES;
				CLANG_WARN_OBJC_ROOT_CLASS = YES_ERROR;
				CLANG_WARN_QUOTED_INCLUDE_IN_FRAMEWORK_HEADER = YES;
				CLANG_WARN_RANGE_LOOP_ANALYSIS = YES;
				CLANG_WARN_STRICT_PROTOTYPES = YES;
				CLANG_WARN_SUSPICIOUS_MOVE = YES;
				CLANG_WARN_UNGUARDED_AVAILABILITY = YES_AGGRESSIVE;
				CLANG_WARN_UNREACHABLE_CODE = YES;
				CLANG_WARN__DUPLICATE_METHOD_MATCH = YES;
				COPY_PHASE_STRIP = NO;
				DEBUG_INFORMATION_FORMAT = "dwarf-with-dsym";
				ENABLE_NS_ASSERTIONS = NO;
				ENABLE_STRICT_OBJC_MSGSEND = YES;
				GCC_C_LANGUAGE_STANDARD = gnu11;
				GCC_NO_COMMON_BLOCKS = YES;
				GCC_WARN_64_TO_32_BIT_CONVERSION = YES;
				GCC_WARN_ABOUT_RETURN_TYPE = YES_ERROR;
				GCC_WARN_UNDECLARED_SELECTOR = YES;
				GCC_WARN_UNINITIALIZED_AUTOS = YES_AGGRESSIVE;
				GCC_WARN_UNUSED_FUNCTION = YES;
				GCC_WARN_UNUSED_VARIABLE = YES;
				IPHONEOS_DEPLOYMENT_TARGET = 15.5;
				MTL_ENABLE_DEBUG_INFO = NO;
				MTL_FAST_MATH = YES;
				SDKROOT = iphoneos;
				SWIFT_COMPILATION_MODE = wholemodule;
				SWIFT_OPTIMIZATION_LEVEL = "-O";
				VALIDATE_PRODUCT = YES;
			};
			name = Release;
		};
		01C8C7DB289C427500DE2BED /* Debug */ = {
			isa = XCBuildConfiguration;
			buildSettings = {
				ASSETCATALOG_COMPILER_APPICON_NAME = AppIcon;
				ASSETCATALOG_COMPILER_GLOBAL_ACCENT_COLOR_NAME = AccentColor;
				CODE_SIGN_STYLE = Automatic;
				CURRENT_PROJECT_VERSION = 1;
				DEVELOPMENT_TEAM = PWX29GY82U;
				GENERATE_INFOPLIST_FILE = YES;
				INFOPLIST_FILE = AliasLite/Info.plist;
				INFOPLIST_KEY_UIApplicationSupportsIndirectInputEvents = YES;
				INFOPLIST_KEY_UILaunchStoryboardName = LaunchScreen;
				INFOPLIST_KEY_UISupportedInterfaceOrientations_iPad = "UIInterfaceOrientationPortrait UIInterfaceOrientationPortraitUpsideDown UIInterfaceOrientationLandscapeLeft UIInterfaceOrientationLandscapeRight";
				INFOPLIST_KEY_UISupportedInterfaceOrientations_iPhone = "UIInterfaceOrientationPortrait UIInterfaceOrientationLandscapeLeft UIInterfaceOrientationLandscapeRight";
				LD_RUNPATH_SEARCH_PATHS = (
					"$(inherited)",
					"@executable_path/Frameworks",
				);
				MARKETING_VERSION = 1.0;
				PRODUCT_BUNDLE_IDENTIFIER = ORGTest.AliasLite;
				PRODUCT_NAME = "$(TARGET_NAME)";
				SWIFT_EMIT_LOC_STRINGS = YES;
				SWIFT_VERSION = 5.0;
				TARGETED_DEVICE_FAMILY = "1,2";
			};
			name = Debug;
		};
		01C8C7DC289C427500DE2BED /* Release */ = {
			isa = XCBuildConfiguration;
			buildSettings = {
				ASSETCATALOG_COMPILER_APPICON_NAME = AppIcon;
				ASSETCATALOG_COMPILER_GLOBAL_ACCENT_COLOR_NAME = AccentColor;
				CODE_SIGN_STYLE = Automatic;
				CURRENT_PROJECT_VERSION = 1;
				DEVELOPMENT_TEAM = PWX29GY82U;
				GENERATE_INFOPLIST_FILE = YES;
				INFOPLIST_FILE = AliasLite/Info.plist;
				INFOPLIST_KEY_UIApplicationSupportsIndirectInputEvents = YES;
				INFOPLIST_KEY_UILaunchStoryboardName = LaunchScreen;
				INFOPLIST_KEY_UISupportedInterfaceOrientations_iPad = "UIInterfaceOrientationPortrait UIInterfaceOrientationPortraitUpsideDown UIInterfaceOrientationLandscapeLeft UIInterfaceOrientationLandscapeRight";
				INFOPLIST_KEY_UISupportedInterfaceOrientations_iPhone = "UIInterfaceOrientationPortrait UIInterfaceOrientationLandscapeLeft UIInterfaceOrientationLandscapeRight";
				LD_RUNPATH_SEARCH_PATHS = (
					"$(inherited)",
					"@executable_path/Frameworks",
				);
				MARKETING_VERSION = 1.0;
				PRODUCT_BUNDLE_IDENTIFIER = ORGTest.AliasLite;
				PRODUCT_NAME = "$(TARGET_NAME)";
				SWIFT_EMIT_LOC_STRINGS = YES;
				SWIFT_VERSION = 5.0;
				TARGETED_DEVICE_FAMILY = "1,2";
			};
			name = Release;
		};
/* End XCBuildConfiguration section */

/* Begin XCConfigurationList section */
		01C8C7BE289C427100DE2BED /* Build configuration list for PBXProject "AliasLite" */ = {
			isa = XCConfigurationList;
			buildConfigurations = (
				01C8C7D8289C427500DE2BED /* Debug */,
				01C8C7D9289C427500DE2BED /* Release */,
			);
			defaultConfigurationIsVisible = 0;
			defaultConfigurationName = Release;
		};
		01C8C7DA289C427500DE2BED /* Build configuration list for PBXNativeTarget "AliasLite" */ = {
			isa = XCConfigurationList;
			buildConfigurations = (
				01C8C7DB289C427500DE2BED /* Debug */,
				01C8C7DC289C427500DE2BED /* Release */,
			);
			defaultConfigurationIsVisible = 0;
			defaultConfigurationName = Release;
		};
/* End XCConfigurationList section */

/* Begin XCVersionGroup section */
		01C8C7CF289C427100DE2BED /* AliasLite.xcdatamodeld */ = {
			isa = XCVersionGroup;
			children = (
				01C8C7D0289C427100DE2BED /* AliasLite.xcdatamodel */,
			);
			currentVersion = 01C8C7D0289C427100DE2BED /* AliasLite.xcdatamodel */;
			path = AliasLite.xcdatamodeld;
			sourceTree = "<group>";
			versionGroupType = wrapper.xcdatamodel;
		};
/* End XCVersionGroup section */
	};
	rootObject = 01C8C7BB289C427100DE2BED /* Project object */;
}
